
Microsoft Visual Studio Solution File, Format Version 12.00
# Visual Studio Version 17
VisualStudioVersion = 17.14.36915.13 d17.14
MinimumVisualStudioVersion = 10.0.40219.1
Project("{FAE04EC0-301F-11D3-BF4B-00C04F79EFBC}") = "EFSeedingDemo", "EFSeedingDemo\EFSeedingDemo.csproj", "{08AB5766-AE55-47F1-B480-6468A6CEA6ED}"
EndProject
Global
	GlobalSection(SolutionConfigurationPlatforms) = preSolution
		Debug|Any CPU = Debug|Any CPU
		Release|Any CPU = Release|Any CPU
	EndGlobalSection
	GlobalSection(ProjectConfigurationPlatforms) = postSolution
		{08AB5766-AE55-47F1-B480-6468A6CEA6ED}.Debug|Any CPU.ActiveCfg = Debug|Any CPU
		{08AB5766-AE55-47F1-B480-6468A6CEA6ED}.Debug|Any CPU.Build.0 = Debug|Any CPU
		{08AB5766-AE55-47F1-B480-6468A6CEA6ED}.Release|Any CPU.ActiveCfg = Release|Any CPU
		{08AB5766-AE55-47F1-B480-6468A6CEA6ED}.Release|Any CPU.Build.0 = Release|Any CPU
	EndGlobalSection
	GlobalSection(SolutionProperties) = preSolution
		HideSolutionNode = FALSE
	EndGlobalSection
	GlobalSection(ExtensibilityGlobals) = postSolution
		SolutionGuid = {67CC7AF9-8BC7-4F86-BC8E-FA0F5F34A7F0}
	EndGlobalSection
EndGlobal
