
Microsoft Visual Studio Solution File, Format Version 12.00
# Visual Studio Version 17
VisualStudioVersion = 17.14.36915.13 d17.14
MinimumVisualStudioVersion = 10.0.40219.1
Project("{FAE04EC0-301F-11D3-BF4B-00C04F79EFBC}") = "backend", "backend\backend.csproj", "{814AB60E-F4B0-4ECD-A636-F465D1B7C8AB}"
EndProject
Global
	GlobalSection(SolutionConfigurationPlatforms) = preSolution
		Debug|Any CPU = Debug|Any CPU
		Release|Any CPU = Release|Any CPU
	EndGlobalSection
	GlobalSection(ProjectConfigurationPlatforms) = postSolution
		{814AB60E-F4B0-4ECD-A636-F465D1B7C8AB}.Debug|Any CPU.ActiveCfg = Debug|Any CPU
		{814AB60E-F4B0-4ECD-A636-F465D1B7C8AB}.Debug|Any CPU.Build.0 = Debug|Any CPU
		{814AB60E-F4B0-4ECD-A636-F465D1B7C8AB}.Release|Any CPU.ActiveCfg = Release|Any CPU
		{814AB60E-F4B0-4ECD-A636-F465D1B7C8AB}.Release|Any CPU.Build.0 = Release|Any CPU
	EndGlobalSection
	GlobalSection(SolutionProperties) = preSolution
		HideSolutionNode = FALSE
	EndGlobalSection
	GlobalSection(ExtensibilityGlobals) = postSolution
		SolutionGuid = {D594087E-FA08-4A38-B744-6F6194540343}
	EndGlobalSection
EndGlobal
