
Microsoft Visual Studio Solution File, Format Version 12.00
# Visual Studio Version 17
VisualStudioVersion = 17.14.36915.13 d17.14
MinimumVisualStudioVersion = 10.0.40219.1
Project("{FAE04EC0-301F-11D3-BF4B-00C04F79EFBC}") = "EmployeeWithSqlDB", "EmployeeWithSqlDB\EmployeeWithSqlDB.csproj", "{B4F93C3C-AE43-46EE-8F46-FB60C7B0F438}"
EndProject
Global
	GlobalSection(SolutionConfigurationPlatforms) = preSolution
		Debug|Any CPU = Debug|Any CPU
		Release|Any CPU = Release|Any CPU
	EndGlobalSection
	GlobalSection(ProjectConfigurationPlatforms) = postSolution
		{B4F93C3C-AE43-46EE-8F46-FB60C7B0F438}.Debug|Any CPU.ActiveCfg = Debug|Any CPU
		{B4F93C3C-AE43-46EE-8F46-FB60C7B0F438}.Debug|Any CPU.Build.0 = Debug|Any CPU
		{B4F93C3C-AE43-46EE-8F46-FB60C7B0F438}.Release|Any CPU.ActiveCfg = Release|Any CPU
		{B4F93C3C-AE43-46EE-8F46-FB60C7B0F438}.Release|Any CPU.Build.0 = Release|Any CPU
	EndGlobalSection
	GlobalSection(SolutionProperties) = preSolution
		HideSolutionNode = FALSE
	EndGlobalSection
	GlobalSection(ExtensibilityGlobals) = postSolution
		SolutionGuid = {F3997EA2-6508-4A0F-A1F2-0FAADDA50D90}
	EndGlobalSection
EndGlobal
