
Microsoft Visual Studio Solution File, Format Version 12.00
# Visual Studio Version 17
VisualStudioVersion = 17.14.36915.13 d17.14
MinimumVisualStudioVersion = 10.0.40219.1
Project("{FAE04EC0-301F-11D3-BF4B-00C04F79EFBC}") = "Requirement-1", "Requirement-1\Requirement-1.csproj", "{A3757BB0-2AF3-449E-A531-07B0C35B4514}"
EndProject
Global
	GlobalSection(SolutionConfigurationPlatforms) = preSolution
		Debug|Any CPU = Debug|Any CPU
		Release|Any CPU = Release|Any CPU
	EndGlobalSection
	GlobalSection(ProjectConfigurationPlatforms) = postSolution
		{A3757BB0-2AF3-449E-A531-07B0C35B4514}.Debug|Any CPU.ActiveCfg = Debug|Any CPU
		{A3757BB0-2AF3-449E-A531-07B0C35B4514}.Debug|Any CPU.Build.0 = Debug|Any CPU
		{A3757BB0-2AF3-449E-A531-07B0C35B4514}.Release|Any CPU.ActiveCfg = Release|Any CPU
		{A3757BB0-2AF3-449E-A531-07B0C35B4514}.Release|Any CPU.Build.0 = Release|Any CPU
	EndGlobalSection
	GlobalSection(SolutionProperties) = preSolution
		HideSolutionNode = FALSE
	EndGlobalSection
	GlobalSection(ExtensibilityGlobals) = postSolution
		SolutionGuid = {12141BBE-4D6D-4D20-A3D0-A31466B7ACF2}
	EndGlobalSection
EndGlobal
