
Microsoft Visual Studio Solution File, Format Version 12.00
# Visual Studio Version 17
VisualStudioVersion = 17.14.36915.13 d17.14
MinimumVisualStudioVersion = 10.0.40219.1
Project("{FAE04EC0-301F-11D3-BF4B-00C04F79EFBC}") = "ControlFlow", "ControlFlow\ControlFlow.csproj", "{BF2CA2B6-6EB3-4B37-987E-C213E9F449D0}"
EndProject
Global
	GlobalSection(SolutionConfigurationPlatforms) = preSolution
		Debug|Any CPU = Debug|Any CPU
		Release|Any CPU = Release|Any CPU
	EndGlobalSection
	GlobalSection(ProjectConfigurationPlatforms) = postSolution
		{BF2CA2B6-6EB3-4B37-987E-C213E9F449D0}.Debug|Any CPU.ActiveCfg = Debug|Any CPU
		{BF2CA2B6-6EB3-4B37-987E-C213E9F449D0}.Debug|Any CPU.Build.0 = Debug|Any CPU
		{BF2CA2B6-6EB3-4B37-987E-C213E9F449D0}.Release|Any CPU.ActiveCfg = Release|Any CPU
		{BF2CA2B6-6EB3-4B37-987E-C213E9F449D0}.Release|Any CPU.Build.0 = Release|Any CPU
	EndGlobalSection
	GlobalSection(SolutionProperties) = preSolution
		HideSolutionNode = FALSE
	EndGlobalSection
	GlobalSection(ExtensibilityGlobals) = postSolution
		SolutionGuid = {C74BBBEE-7023-4871-8467-E5A7E27F894E}
	EndGlobalSection
EndGlobal
